
Microsoft Visual Studio Solution File, Format Version 12.00
# Visual Studio 15
VisualStudioVersion = 15.0.26730.16
MinimumVisualStudioVersion = 10.0.40219.1
Project("{8BC9CEB8-8B4A-11D0-8D11-00A0C91BC942}") = "topcoder_arena", "projects\topcoder_arena.vcxproj", "{C50E6F63-F111-46AF-8240-12D630CEAF30}"
EndProject
Project("{8BC9CEB8-8B4A-11D0-8D11-00A0C91BC942}") = "topcoder_arena_test", "projects\topcoder_arena_test.vcxproj", "{648A01C1-3E95-4851-81A5-4E2E25E8B709}"
	ProjectSection(ProjectDependencies) = postProject
		{C50E6F63-F111-46AF-8240-12D630CEAF30} = {C50E6F63-F111-46AF-8240-12D630CEAF30}
	EndProjectSection
EndProject
Global
	GlobalSection(SolutionConfigurationPlatforms) = preSolution
		Debug|x64 = Debug|x64
		Release|x64 = Release|x64
	EndGlobalSection
	GlobalSection(ProjectConfigurationPlatforms) = postSolution
		{C50E6F63-F111-46AF-8240-12D630CEAF30}.Debug|x64.ActiveCfg = Debug|x64
		{C50E6F63-F111-46AF-8240-12D630CEAF30}.Debug|x64.Build.0 = Debug|x64
		{C50E6F63-F111-46AF-8240-12D630CEAF30}.Release|x64.ActiveCfg = Release|x64
		{C50E6F63-F111-46AF-8240-12D630CEAF30}.Release|x64.Build.0 = Release|x64
		{648A01C1-3E95-4851-81A5-4E2E25E8B709}.Debug|x64.ActiveCfg = Debug|x64
		{648A01C1-3E95-4851-81A5-4E2E25E8B709}.Debug|x64.Build.0 = Debug|x64
		{648A01C1-3E95-4851-81A5-4E2E25E8B709}.Release|x64.ActiveCfg = Release|x64
		{648A01C1-3E95-4851-81A5-4E2E25E8B709}.Release|x64.Build.0 = Release|x64
	EndGlobalSection
	GlobalSection(SolutionProperties) = preSolution
		HideSolutionNode = FALSE
	EndGlobalSection
	GlobalSection(ExtensibilityGlobals) = postSolution
		SolutionGuid = {2A0DDF76-7A61-4224-A034-121E96862DF7}
	EndGlobalSection
EndGlobal
